// !$*UTF8*$!
{
	archiveVersion = 1;
	classes = {
	};
	objectVersion = 77;
	objects = {

/* Begin PBXContainerItemProxy section */
		1FFBBD952D818D0F009D79A9 /* PBXContainerItemProxy */ = {
			isa = PBXContainerItemProxy;
			containerPortal = 1FFBBD7C2D818D0D009D79A9 /* Project object */;
			proxyType = 1;
			remoteGlobalIDString = 1FFBBD832D818D0D009D79A9;
			remoteInfo = Drope;
		};
		1FFBBD9F2D818D0F009D79A9 /* PBXContainerItemProxy */ = {
			isa = PBXContainerItemProxy;
			containerPortal = 1FFBBD7C2D818D0D009D79A9 /* Project object */;
			proxyType = 1;
			remoteGlobalIDString = 1FFBBD832D818D0D009D79A9;
			remoteInfo = Drope;
		};
/* End PBXContainerItemProxy section */

/* Begin PBXFileReference section */
		1FFBBD842D818D0D009D79A9 /* Drope.app */ = {isa = PBXFileReference; explicitFileType = wrapper.application; includeInIndex = 0; path = Drope.app; sourceTree = BUILT_PRODUCTS_DIR; };
		1FFBBD942D818D0F009D79A9 /* DropeTests.xctest */ = {isa = PBXFileReference; explicitFileType = wrapper.cfbundle; includeInIndex = 0; path = DropeTests.xctest; sourceTree = BUILT_PRODUCTS_DIR; };
		1FFBBD9E2D818D0F009D79A9 /* DropeUITests.xctest */ = {isa = PBXFileReference; explicitFileType = wrapper.cfbundle; includeInIndex = 0; path = DropeUITests.xctest; sourceTree = BUILT_PRODUCTS_DIR; };
/* End PBXFileReference section */

/* Begin PBXFileSystemSynchronizedRootGroup section */
		1FFBBD862D818D0D009D79A9 /* Drope */ = {
			isa = PBXFileSystemSynchronizedRootGroup;
			path = Drope;
			sourceTree = "<group>";
		};
		1FFBBD972D818D0F009D79A9 /* DropeTests */ = {
			isa = PBXFileSystemSynchronizedRootGroup;
			path = DropeTests;
			sourceTree = "<group>";
		};
		1FFBBDA12D818D0F009D79A9 /* DropeUITests */ = {
			isa = PBXFileSystemSynchronizedRootGroup;
			path = DropeUITests;
			sourceTree = "<group>";
		};
/* End PBXFileSystemSynchronizedRootGroup section */

/* Begin PBXFrameworksBuildPhase section */
		1FFBBD812D818D0D009D79A9 /* Frameworks */ = {
			isa = PBXFrameworksBuildPhase;
			buildActionMask = 2147483647;
			files = (
			);
			runOnlyForDeploymentPostprocessing = 0;
		};
		1FFBBD912D818D0F009D79A9 /* Frameworks */ = {
			isa = PBXFrameworksBuildPhase;
			buildActionMask = 2147483647;
			files = (
			);
			runOnlyForDeploymentPostprocessing = 0;
		};
		1FFBBD9B2D818D0F009D79A9 /* Frameworks */ = {
			isa = PBXFrameworksBuildPhase;
			buildActionMask = 2147483647;
			files = (
			);
			runOnlyForDeploymentPostprocessing = 0;
		};
/* End PBXFrameworksBuildPhase section */

/* Begin PBXGroup section */
		1FFBBD7B2D818D0D009D79A9 = {
			isa = PBXGroup;
			children = (
				1FFBBD862D818D0D009D79A9 /* Drope */,
				1FFBBD972D818D0F009D79A9 /* DropeTests */,
				1FFBBDA12D818D0F009D79A9 /* DropeUITests */,
				1FFBBD852D818D0D009D79A9 /* Products */,
			);
			sourceTree = "<group>";
		};
		1FFBBD852D818D0D009D79A9 /* Products */ = {
			isa = PBXGroup;
			children = (
				1FFBBD842D818D0D009D79A9 /* Drope.app */,
				1FFBBD942D818D0F009D79A9 /* DropeTests.xctest */,
				1FFBBD9E2D818D0F009D79A9 /* DropeUITests.xctest */,
			);
			name = Products;
			sourceTree = "<group>";
		};
/* End PBXGroup section */

/* Begin PBXNativeTarget section */
		1FFBBD832D818D0D009D79A9 /* Drope */ = {
			isa = PBXNativeTarget;
			buildConfigurationList = 1FFBBDA82D818D0F009D79A9 /* Build configuration list for PBXNativeTarget "Drope" */;
			buildPhases = (
				1FFBBD802D818D0D009D79A9 /* Sources */,
				1FFBBD812D818D0D009D79A9 /* Frameworks */,
				1FFBBD822D818D0D009D79A9 /* Resources */,
			);
			buildRules = (
			);
			dependencies = (
			);
			fileSystemSynchronizedGroups = (
				1FFBBD862D818D0D009D79A9 /* Drope */,
			);
			name = Drope;
			packageProductDependencies = (
			);
			productName = Drope;
			productReference = 1FFBBD842D818D0D009D79A9 /* Drope.app */;
			productType = "com.apple.product-type.application";
		};
		1FFBBD932D818D0F009D79A9 /* DropeTests */ = {
			isa = PBXNativeTarget;
			buildConfigurationList = 1FFBBDAB2D818D0F009D79A9 /* Build configuration list for PBXNativeTarget "DropeTests" */;
			buildPhases = (
				1FFBBD902D818D0F009D79A9 /* Sources */,
				1FFBBD912D818D0F009D79A9 /* Frameworks */,
				1FFBBD922D818D0F009D79A9 /* Resources */,
			);
			buildRules = (
			);
			dependencies = (
				1FFBBD962D818D0F009D79A9 /* PBXTargetDependency */,
			);
			fileSystemSynchronizedGroups = (
				1FFBBD972D818D0F009D79A9 /* DropeTests */,
			);
			name = DropeTests;
			packageProductDependencies = (
			);
			productName = DropeTests;
			productReference = 1FFBBD942D818D0F009D79A9 /* DropeTests.xctest */;
			productType = "com.apple.product-type.bundle.unit-test";
		};
		1FFBBD9D2D818D0F009D79A9 /* DropeUITests */ = {
			isa = PBXNativeTarget;
			buildConfigurationList = 1FFBBDAE2D818D0F009D79A9 /* Build configuration list for PBXNativeTarget "DropeUITests" */;
			buildPhases = (
				1FFBBD9A2D818D0F009D79A9 /* Sources */,
				1FFBBD9B2D818D0F009D79A9 /* Frameworks */,
				1FFBBD9C2D818D0F009D79A9 /* Resources */,
			);
			buildRules = (
			);
			dependencies = (
				1FFBBDA02D818D0F009D79A9 /* PBXTargetDependency */,
			);
			fileSystemSynchronizedGroups = (
				1FFBBDA12D818D0F009D79A9 /* DropeUITests */,
			);
			name = DropeUITests;
			packageProductDependencies = (
			);
			productName = DropeUITests;
			productReference = 1FFBBD9E2D818D0F009D79A9 /* DropeUITests.xctest */;
			productType = "com.apple.product-type.bundle.ui-testing";
		};
/* End PBXNativeTarget section */

/* Begin PBXProject section */
		1FFBBD7C2D818D0D009D79A9 /* Project object */ = {
			isa = PBXProject;
			attributes = {
				BuildIndependentTargetsInParallel = 1;
				LastSwiftUpdateCheck = 1620;
				LastUpgradeCheck = 1620;
				TargetAttributes = {
					1FFBBD832D818D0D009D79A9 = {
						CreatedOnToolsVersion = 16.2;
					};
					1FFBBD932D818D0F009D79A9 = {
						CreatedOnToolsVersion = 16.2;
						TestTargetID = 1FFBBD832D818D0D009D79A9;
					};
					1FFBBD9D2D818D0F009D79A9 = {
						CreatedOnToolsVersion = 16.2;
						TestTargetID = 1FFBBD832D818D0D009D79A9;
					};
				};
			};
			buildConfigurationList = 1FFBBD7F2D818D0D009D79A9 /* Build configuration list for PBXProject "Drope" */;
			developmentRegion = en;
			hasScannedForEncodings = 0;
			knownRegions = (
				en,
				Base,
			);
			mainGroup = 1FFBBD7B2D818D0D009D79A9;
			minimizedProjectReferenceProxies = 1;
			preferredProjectObjectVersion = 77;
			productRefGroup = 1FFBBD852D818D0D009D79A9 /* Products */;
			projectDirPath = "";
			projectRoot = "";
			targets = (
				1FFBBD832D818D0D009D79A9 /* Drope */,
				1FFBBD932D818D0F009D79A9 /* DropeTests */,
				1FFBBD9D2D818D0F009D79A9 /* DropeUITests */,
			);
		};
/* End PBXProject section */

/* Begin PBXResourcesBuildPhase section */
		1FFBBD822D818D0D009D79A9 /* Resources */ = {
			isa = PBXResourcesBuildPhase;
			buildActionMask = 2147483647;
			files = (
			);
			runOnlyForDeploymentPostprocessing = 0;
		};
		1FFBBD922D818D0F009D79A9 /* Resources */ = {
			isa = PBXResourcesBuildPhase;
			buildActionMask = 2147483647;
			files = (
			);
			runOnlyForDeploymentPostprocessing = 0;
		};
		1FFBBD9C2D818D0F009D79A9 /* Resources */ = {
			isa = PBXResourcesBuildPhase;
			buildActionMask = 2147483647;
			files = (
			);
			runOnlyForDeploymentPostprocessing = 0;
		};
/* End PBXResourcesBuildPhase section */

/* Begin PBXSourcesBuildPhase section */
		1FFBBD802D818D0D009D79A9 /* Sources */ = {
			isa = PBXSourcesBuildPhase;
			buildActionMask = 2147483647;
			files = (
			);
			runOnlyForDeploymentPostprocessing = 0;
		};
		1FFBBD902D818D0F009D79A9 /* Sources */ = {
			isa = PBXSourcesBuildPhase;
			buildActionMask = 2147483647;
			files = (
			);
			runOnlyForDeploymentPostprocessing = 0;
		};
		1FFBBD9A2D818D0F009D79A9 /* Sources */ = {
			isa = PBXSourcesBuildPhase;
			buildActionMask = 2147483647;
			files = (
			);
			runOnlyForDeploymentPostprocessing = 0;
		};
/* End PBXSourcesBuildPhase section */

/* Begin PBXTargetDependency section */
		1FFBBD962D818D0F009D79A9 /* PBXTargetDependency */ = {
			isa = PBXTargetDependency;
			target = 1FFBBD832D818D0D009D79A9 /* Drope */;
			targetProxy = 1FFBBD952D818D0F009D79A9 /* PBXContainerItemProxy */;
		};
		1FFBBDA02D818D0F009D79A9 /* PBXTargetDependency */ = {
			isa = PBXTargetDependency;
			target = 1FFBBD832D818D0D009D79A9 /* Drope */;
			targetProxy = 1FFBBD9F2D818D0F009D79A9 /* PBXContainerItemProxy */;
		};
/* End PBXTargetDependency section */

/* Begin XCBuildConfiguration section */
		1FFBBDA62D818D0F009D79A9 /* Debug */ = {
			isa = XCBuildConfiguration;
			buildSettings = {
				ALWAYS_SEARCH_USER_PATHS = NO;
				ASSETCATALOG_COMPILER_GENERATE_SWIFT_ASSET_SYMBOL_EXTENSIONS = YES;
				CLANG_ANALYZER_NONNULL = YES;
				CLANG_ANALYZER_NUMBER_OBJECT_CONVERSION = YES_AGGRESSIVE;
				CLANG_CXX_LANGUAGE_STANDARD = "gnu++20";
				CLANG_ENABLE_MODULES = YES;
				CLANG_ENABLE_OBJC_ARC = YES;
				CLANG_ENABLE_OBJC_WEAK = YES;
				CLANG_WARN_BLOCK_CAPTURE_AUTORELEASING = YES;
				CLANG_WARN_BOOL_CONVERSION = YES;
				CLANG_WARN_COMMA = YES;
				CLANG_WARN_CONSTANT_CONVERSION = YES;
				CLANG_WARN_DEPRECATED_OBJC_IMPLEMENTATIONS = YES;
				CLANG_WARN_DIRECT_OBJC_ISA_USAGE = YES_ERROR;
				CLANG_WARN_DOCUMENTATION_COMMENTS = YES;
				CLANG_WARN_EMPTY_BODY = YES;
				CLANG_WARN_ENUM_CONVERSION = YES;
				CLANG_WARN_INFINITE_RECURSION = YES;
				CLANG_WARN_INT_CONVERSION = YES;
				CLANG_WARN_NON_LITERAL_NULL_CONVERSION = YES;
				CLANG_WARN_OBJC_IMPLICIT_RETAIN_SELF = YES;
				CLANG_WARN_OBJC_LITERAL_CONVERSION = YES;
				CLANG_WARN_OBJC_ROOT_CLASS = YES_ERROR;
				CLANG_WARN_QUOTED_INCLUDE_IN_FRAMEWORK_HEADER = YES;
				CLANG_WARN_RANGE_LOOP_ANALYSIS = YES;
				CLANG_WARN_STRICT_PROTOTYPES = YES;
				CLANG_WARN_SUSPICIOUS_MOVE = YES;
				CLANG_WARN_UNGUARDED_AVAILABILITY = YES_AGGRESSIVE;
				CLANG_WARN_UNREACHABLE_CODE = YES;
				CLANG_WARN__DUPLICATE_METHOD_MATCH = YES;
				COPY_PHASE_STRIP = NO;
				DEBUG_INFORMATION_FORMAT = dwarf;
				ENABLE_STRICT_OBJC_MSGSEND = YES;
				ENABLE_TESTABILITY = YES;
				ENABLE_USER_SCRIPT_SANDBOXING = YES;
				GCC_C_LANGUAGE_STANDARD = gnu17;
				GCC_DYNAMIC_NO_PIC = NO;
				GCC_NO_COMMON_BLOCKS = YES;
				GCC_OPTIMIZATION_LEVEL = 0;
				GCC_PREPROCESSOR_DEFINITIONS = (
					"DEBUG=1",
					"$(inherited)",
				);
				GCC_WARN_64_TO_32_BIT_CONVERSION = YES;
				GCC_WARN_ABOUT_RETURN_TYPE = YES_ERROR;
				GCC_WARN_UNDECLARED_SELECTOR = YES;
				GCC_WARN_UNINITIALIZED_AUTOS = YES_AGGRESSIVE;
				GCC_WARN_UNUSED_FUNCTION = YES;
				GCC_WARN_UNUSED_VARIABLE = YES;
				IPHONEOS_DEPLOYMENT_TARGET = 18.2;
				LOCALIZATION_PREFERS_STRING_CATALOGS = YES;
				MTL_ENABLE_DEBUG_INFO = INCLUDE_SOURCE;
				MTL_FAST_MATH = YES;
				ONLY_ACTIVE_ARCH = YES;
				SDKROOT = iphoneos;
				SWIFT_ACTIVE_COMPILATION_CONDITIONS = "DEBUG $(inherited)";
				SWIFT_OPTIMIZATION_LEVEL = "-Onone";
			};
			name = Debug;
		};
		1FFBBDA72D818D0F009D79A9 /* Release */ = {
			isa = XCBuildConfiguration;
			buildSettings = {
				ALWAYS_SEARCH_USER_PATHS = NO;
				ASSETCATALOG_COMPILER_GENERATE_SWIFT_ASSET_SYMBOL_EXTENSIONS = YES;
				CLANG_ANALYZER_NONNULL = YES;
				CLANG_ANALYZER_NUMBER_OBJECT_CONVERSION = YES_AGGRESSIVE;
				CLANG_CXX_LANGUAGE_STANDARD = "gnu++20";
				CLANG_ENABLE_MODULES = YES;
				CLANG_ENABLE_OBJC_ARC = YES;
				CLANG_ENABLE_OBJC_WEAK = YES;
				CLANG_WARN_BLOCK_CAPTURE_AUTORELEASING = YES;
				CLANG_WARN_BOOL_CONVERSION = YES;
				CLANG_WARN_COMMA = YES;
				CLANG_WARN_CONSTANT_CONVERSION = YES;
				CLANG_WARN_DEPRECATED_OBJC_IMPLEMENTATIONS = YES;
				CLANG_WARN_DIRECT_OBJC_ISA_USAGE = YES_ERROR;
				CLANG_WARN_DOCUMENTATION_COMMENTS = YES;
				CLANG_WARN_EMPTY_BODY = YES;
				CLANG_WARN_ENUM_CONVERSION = YES;
				CLANG_WARN_INFINITE_RECURSION = YES;
				CLANG_WARN_INT_CONVERSION = YES;
				CLANG_WARN_NON_LITERAL_NULL_CONVERSION = YES;
				CLANG_WARN_OBJC_IMPLICIT_RETAIN_SELF = YES;
				CLANG_WARN_OBJC_LITERAL_CONVERSION = YES;
				CLANG_WARN_OBJC_ROOT_CLASS = YES_ERROR;
				CLANG_WARN_QUOTED_INCLUDE_IN_FRAMEWORK_HEADER = YES;
				CLANG_WARN_RANGE_LOOP_ANALYSIS = YES;
				CLANG_WARN_STRICT_PROTOTYPES = YES;
				CLANG_WARN_SUSPICIOUS_MOVE = YES;
				CLANG_WARN_UNGUARDED_AVAILABILITY = YES_AGGRESSIVE;
				CLANG_WARN_UNREACHABLE_CODE = YES;
				CLANG_WARN__DUPLICATE_METHOD_MATCH = YES;
				COPY_PHASE_STRIP = NO;
				DEBUG_INFORMATION_FORMAT = "dwarf-with-dsym";
				ENABLE_NS_ASSERTIONS = NO;
				ENABLE_STRICT_OBJC_MSGSEND = YES;
				ENABLE_USER_SCRIPT_SANDBOXING = YES;
				GCC_C_LANGUAGE_STANDARD = gnu17;
				GCC_NO_COMMON_BLOCKS = YES;
				GCC_WARN_64_TO_32_BIT_CONVERSION = YES;
				GCC_WARN_ABOUT_RETURN_TYPE = YES_ERROR;
				GCC_WARN_UNDECLARED_SELECTOR = YES;
				GCC_WARN_UNINITIALIZED_AUTOS = YES_AGGRESSIVE;
				GCC_WARN_UNUSED_FUNCTION = YES;
				GCC_WARN_UNUSED_VARIABLE = YES;
				IPHONEOS_DEPLOYMENT_TARGET = 18.2;
				LOCALIZATION_PREFERS_STRING_CATALOGS = YES;
				MTL_ENABLE_DEBUG_INFO = NO;
				MTL_FAST_MATH = YES;
				SDKROOT = iphoneos;
				SWIFT_COMPILATION_MODE = wholemodule;
				VALIDATE_PRODUCT = YES;
			};
			name = Release;
		};
		1FFBBDA92D818D0F009D79A9 /* Debug */ = {
			isa = XCBuildConfiguration;
			buildSettings = {
				ASSETCATALOG_COMPILER_APPICON_NAME = AppIcon;
				ASSETCATALOG_COMPILER_GLOBAL_ACCENT_COLOR_NAME = AccentColor;
				CODE_SIGN_STYLE = Automatic;
				CURRENT_PROJECT_VERSION = 1;
				DEVELOPMENT_ASSET_PATHS = "\"Drope/Preview Content\"";
				DEVELOPMENT_TEAM = J2GLNAYNDR;
				ENABLE_PREVIEWS = YES;
				GENERATE_INFOPLIST_FILE = YES;
				INFOPLIST_KEY_UIApplicationSceneManifest_Generation = YES;
				INFOPLIST_KEY_UIApplicationSupportsIndirectInputEvents = YES;
				INFOPLIST_KEY_UILaunchScreen_Generation = YES;
				INFOPLIST_KEY_UISupportedInterfaceOrientations_iPad = "UIInterfaceOrientationPortrait UIInterfaceOrientationPortraitUpsideDown UIInterfaceOrientationLandscapeLeft UIInterfaceOrientationLandscapeRight";
				INFOPLIST_KEY_UISupportedInterfaceOrientations_iPhone = "UIInterfaceOrientationPortrait UIInterfaceOrientationLandscapeLeft UIInterfaceOrientationLandscapeRight";
				LD_RUNPATH_SEARCH_PATHS = (
					"$(inherited)",
					"@executable_path/Frameworks",
				);
				MARKETING_VERSION = 1.0;
				PRODUCT_BUNDLE_IDENTIFIER = Lab.Test.Drope;
				PRODUCT_NAME = "$(TARGET_NAME)";
				SWIFT_EMIT_LOC_STRINGS = YES;
				SWIFT_VERSION = 5.0;
				TARGETED_DEVICE_FAMILY = "1,2";
			};
			name = Debug;
		};
		1FFBBDAA2D818D0F009D79A9 /* Release */ = {
			isa = XCBuildConfiguration;
			buildSettings = {
				ASSETCATALOG_COMPILER_APPICON_NAME = AppIcon;
				ASSETCATALOG_COMPILER_GLOBAL_ACCENT_COLOR_NAME = AccentColor;
				CODE_SIGN_STYLE = Automatic;
				CURRENT_PROJECT_VERSION = 1;
				DEVELOPMENT_ASSET_PATHS = "\"Drope/Preview Content\"";
				DEVELOPMENT_TEAM = J2GLNAYNDR;
				ENABLE_PREVIEWS = YES;
				GENERATE_INFOPLIST_FILE = YES;
				INFOPLIST_KEY_UIApplicationSceneManifest_Generation = YES;
				INFOPLIST_KEY_UIApplicationSupportsIndirectInputEvents = YES;
				INFOPLIST_KEY_UILaunchScreen_Generation = YES;
				INFOPLIST_KEY_UISupportedInterfaceOrientations_iPad = "UIInterfaceOrientationPortrait UIInterfaceOrientationPortraitUpsideDown UIInterfaceOrientationLandscapeLeft UIInterfaceOrientationLandscapeRight";
				INFOPLIST_KEY_UISupportedInterfaceOrientations_iPhone = "UIInterfaceOrientationPortrait UIInterfaceOrientationLandscapeLeft UIInterfaceOrientationLandscapeRight";
				LD_RUNPATH_SEARCH_PATHS = (
					"$(inherited)",
					"@executable_path/Frameworks",
				);
				MARKETING_VERSION = 1.0;
				PRODUCT_BUNDLE_IDENTIFIER = Lab.Test.Drope;
				PRODUCT_NAME = "$(TARGET_NAME)";
				SWIFT_EMIT_LOC_STRINGS = YES;
				SWIFT_VERSION = 5.0;
				TARGETED_DEVICE_FAMILY = "1,2";
			};
			name = Release;
		};
		1FFBBDAC2D818D0F009D79A9 /* Debug */ = {
			isa = XCBuildConfiguration;
			buildSettings = {
				BUNDLE_LOADER = "$(TEST_HOST)";
				CODE_SIGN_STYLE = Automatic;
				CURRENT_PROJECT_VERSION = 1;
				DEVELOPMENT_TEAM = J2GLNAYNDR;
				GENERATE_INFOPLIST_FILE = YES;
				IPHONEOS_DEPLOYMENT_TARGET = 18.2;
				MARKETING_VERSION = 1.0;
				PRODUCT_BUNDLE_IDENTIFIER = Lab.Test.DropeTests;
				PRODUCT_NAME = "$(TARGET_NAME)";
				SWIFT_EMIT_LOC_STRINGS = NO;
				SWIFT_VERSION = 5.0;
				TARGETED_DEVICE_FAMILY = "1,2";
				TEST_HOST = "$(BUILT_PRODUCTS_DIR)/Drope.app/$(BUNDLE_EXECUTABLE_FOLDER_PATH)/Drope";
			};
			name = Debug;
		};
		1FFBBDAD2D818D0F009D79A9 /* Release */ = {
			isa = XCBuildConfiguration;
			buildSettings = {
				BUNDLE_LOADER = "$(TEST_HOST)";
				CODE_SIGN_STYLE = Automatic;
				CURRENT_PROJECT_VERSION = 1;
				DEVELOPMENT_TEAM = J2GLNAYNDR;
				GENERATE_INFOPLIST_FILE = YES;
				IPHONEOS_DEPLOYMENT_TARGET = 18.2;
				MARKETING_VERSION = 1.0;
				PRODUCT_BUNDLE_IDENTIFIER = Lab.Test.DropeTests;
				PRODUCT_NAME = "$(TARGET_NAME)";
				SWIFT_EMIT_LOC_STRINGS = NO;
				SWIFT_VERSION = 5.0;
				TARGETED_DEVICE_FAMILY = "1,2";
				TEST_HOST = "$(BUILT_PRODUCTS_DIR)/Drope.app/$(BUNDLE_EXECUTABLE_FOLDER_PATH)/Drope";
			};
			name = Release;
		};
		1FFBBDAF2D818D0F009D79A9 /* Debug */ = {
			isa = XCBuildConfiguration;
			buildSettings = {
				CODE_SIGN_STYLE = Automatic;
				CURRENT_PROJECT_VERSION = 1;
				DEVELOPMENT_TEAM = J2GLNAYNDR;
				GENERATE_INFOPLIST_FILE = YES;
				MARKETING_VERSION = 1.0;
				PRODUCT_BUNDLE_IDENTIFIER = Lab.Test.DropeUITests;
				PRODUCT_NAME = "$(TARGET_NAME)";
				SWIFT_EMIT_LOC_STRINGS = NO;
				SWIFT_VERSION = 5.0;
				TARGETED_DEVICE_FAMILY = "1,2";
				TEST_TARGET_NAME = Drope;
			};
			name = Debug;
		};
		1FFBBDB02D818D0F009D79A9 /* Release */ = {
			isa = XCBuildConfiguration;
			buildSettings = {
				CODE_SIGN_STYLE = Automatic;
				CURRENT_PROJECT_VERSION = 1;
				DEVELOPMENT_TEAM = J2GLNAYNDR;
				GENERATE_INFOPLIST_FILE = YES;
				MARKETING_VERSION = 1.0;
				PRODUCT_BUNDLE_IDENTIFIER = Lab.Test.DropeUITests;
				PRODUCT_NAME = "$(TARGET_NAME)";
				SWIFT_EMIT_LOC_STRINGS = NO;
				SWIFT_VERSION = 5.0;
				TARGETED_DEVICE_FAMILY = "1,2";
				TEST_TARGET_NAME = Drope;
			};
			name = Release;
		};
/* End XCBuildConfiguration section */

/* Begin XCConfigurationList section */
		1FFBBD7F2D818D0D009D79A9 /* Build configuration list for PBXProject "Drope" */ = {
			isa = XCConfigurationList;
			buildConfigurations = (
				1FFBBDA62D818D0F009D79A9 /* Debug */,
				1FFBBDA72D818D0F009D79A9 /* Release */,
			);
			defaultConfigurationIsVisible = 0;
			defaultConfigurationName = Release;
		};
		1FFBBDA82D818D0F009D79A9 /* Build configuration list for PBXNativeTarget "Drope" */ = {
			isa = XCConfigurationList;
			buildConfigurations = (
				1FFBBDA92D818D0F009D79A9 /* Debug */,
				1FFBBDAA2D818D0F009D79A9 /* Release */,
			);
			defaultConfigurationIsVisible = 0;
			defaultConfigurationName = Release;
		};
		1FFBBDAB2D818D0F009D79A9 /* Build configuration list for PBXNativeTarget "DropeTests" */ = {
			isa = XCConfigurationList;
			buildConfigurations = (
				1FFBBDAC2D818D0F009D79A9 /* Debug */,
				1FFBBDAD2D818D0F009D79A9 /* Release */,
			);
			defaultConfigurationIsVisible = 0;
			defaultConfigurationName = Release;
		};
		1FFBBDAE2D818D0F009D79A9 /* Build configuration list for PBXNativeTarget "DropeUITests" */ = {
			isa = XCConfigurationList;
			buildConfigurations = (
				1FFBBDAF2D818D0F009D79A9 /* Debug */,
				1FFBBDB02D818D0F009D79A9 /* Release */,
			);
			defaultConfigurationIsVisible = 0;
			defaultConfigurationName = Release;
		};
/* End XCConfigurationList section */
	};
	rootObject = 1FFBBD7C2D818D0D009D79A9 /* Project object */;
}
